
Microsoft Visual Studio Solution File, Format Version 12.00
# Visual Studio Version 17
VisualStudioVersion = 17.11.35327.3
MinimumVisualStudioVersion = 10.0.40219.1
Project("{9A19103F-16F7-4668-BE54-9A1E7A4F7556}") = "Business_Logic", "Bussiness_Logic\Business_Logic.csproj", "{C9EAACE9-DFBF-4F97-9951-0B6073991427}"
EndProject
Project("{9A19103F-16F7-4668-BE54-9A1E7A4F7556}") = "Data_Access", "Data_Access\Data_Access.csproj", "{D11DD83F-77AC-4B9E-A25C-0814496C64EF}"
EndProject
Project("{9A19103F-16F7-4668-BE54-9A1E7A4F7556}") = "DTO_", "DTO_\DTO_.csproj", "{86F7646B-E801-4A3C-B340-DCF17D16127C}"
EndProject
Project("{9A19103F-16F7-4668-BE54-9A1E7A4F7556}") = "Test_Unit", "Test_Unit\Test_Unit.csproj", "{DB8BDA6B-6FF1-43F1-AC04-3AFF233FE302}"
EndProject
Project("{FAE04EC0-301F-11D3-BF4B-00C04F79EFBC}") = "BergVinImportGUI", "BergVinImportGUI\BergVinImportGUI.csproj", "{F574CA92-F1FA-4929-8C4D-0F126B62CB29}"
EndProject
Global
	GlobalSection(SolutionConfigurationPlatforms) = preSolution
		Debug|Any CPU = Debug|Any CPU
		Release|Any CPU = Release|Any CPU
	EndGlobalSection
	GlobalSection(ProjectConfigurationPlatforms) = postSolution
		{C9EAACE9-DFBF-4F97-9951-0B6073991427}.Debug|Any CPU.ActiveCfg = Debug|Any CPU
		{C9EAACE9-DFBF-4F97-9951-0B6073991427}.Debug|Any CPU.Build.0 = Debug|Any CPU
		{C9EAACE9-DFBF-4F97-9951-0B6073991427}.Release|Any CPU.ActiveCfg = Release|Any CPU
		{C9EAACE9-DFBF-4F97-9951-0B6073991427}.Release|Any CPU.Build.0 = Release|Any CPU
		{D11DD83F-77AC-4B9E-A25C-0814496C64EF}.Debug|Any CPU.ActiveCfg = Debug|Any CPU
		{D11DD83F-77AC-4B9E-A25C-0814496C64EF}.Debug|Any CPU.Build.0 = Debug|Any CPU
		{D11DD83F-77AC-4B9E-A25C-0814496C64EF}.Release|Any CPU.ActiveCfg = Release|Any CPU
		{D11DD83F-77AC-4B9E-A25C-0814496C64EF}.Release|Any CPU.Build.0 = Release|Any CPU
		{86F7646B-E801-4A3C-B340-DCF17D16127C}.Debug|Any CPU.ActiveCfg = Debug|Any CPU
		{86F7646B-E801-4A3C-B340-DCF17D16127C}.Debug|Any CPU.Build.0 = Debug|Any CPU
		{86F7646B-E801-4A3C-B340-DCF17D16127C}.Release|Any CPU.ActiveCfg = Release|Any CPU
		{86F7646B-E801-4A3C-B340-DCF17D16127C}.Release|Any CPU.Build.0 = Release|Any CPU
		{DB8BDA6B-6FF1-43F1-AC04-3AFF233FE302}.Debug|Any CPU.ActiveCfg = Debug|Any CPU
		{DB8BDA6B-6FF1-43F1-AC04-3AFF233FE302}.Debug|Any CPU.Build.0 = Debug|Any CPU
		{DB8BDA6B-6FF1-43F1-AC04-3AFF233FE302}.Release|Any CPU.ActiveCfg = Release|Any CPU
		{DB8BDA6B-6FF1-43F1-AC04-3AFF233FE302}.Release|Any CPU.Build.0 = Release|Any CPU
		{F574CA92-F1FA-4929-8C4D-0F126B62CB29}.Debug|Any CPU.ActiveCfg = Debug|Any CPU
		{F574CA92-F1FA-4929-8C4D-0F126B62CB29}.Debug|Any CPU.Build.0 = Debug|Any CPU
		{F574CA92-F1FA-4929-8C4D-0F126B62CB29}.Release|Any CPU.ActiveCfg = Release|Any CPU
		{F574CA92-F1FA-4929-8C4D-0F126B62CB29}.Release|Any CPU.Build.0 = Release|Any CPU
	EndGlobalSection
	GlobalSection(SolutionProperties) = preSolution
		HideSolutionNode = FALSE
	EndGlobalSection
	GlobalSection(ExtensibilityGlobals) = postSolution
		SolutionGuid = {9117E607-D4BA-4FD0-96FF-2C90CB22ADDD}
	EndGlobalSection
EndGlobal
